
Microsoft Visual Studio Solution File, Format Version 12.00
# Visual Studio 15
VisualStudioVersion = 15.0.27703.2042
MinimumVisualStudioVersion = 10.0.40219.1
Project("{FAE04EC0-301F-11D3-BF4B-00C04F79EFBC}") = "RecursivePhonePermute", "RecursivePhonePermute\RecursivePhonePermute.csproj", "{B7B1C3F1-67C0-4F18-84EA-FB349D5530B3}"
EndProject
Project("{FAE04EC0-301F-11D3-BF4B-00C04F79EFBC}") = "RecursivePhonePermutationTests", "..\RecursivePhonePermutationTests\RecursivePhonePermutationTests.csproj", "{53310C6E-E9CB-4F56-AA30-23476CEE961D}"
EndProject
Project("{FAE04EC0-301F-11D3-BF4B-00C04F79EFBC}") = "RecursivePhonePermutationConsole", "RecursivePhonePermutationConsole\RecursivePhonePermutationConsole.csproj", "{BE99F2FA-E921-4138-9A5E-EC34BDCF92AD}"
EndProject
Global
	GlobalSection(SolutionConfigurationPlatforms) = preSolution
		Debug|Any CPU = Debug|Any CPU
		Release|Any CPU = Release|Any CPU
	EndGlobalSection
	GlobalSection(ProjectConfigurationPlatforms) = postSolution
		{B7B1C3F1-67C0-4F18-84EA-FB349D5530B3}.Debug|Any CPU.ActiveCfg = Debug|Any CPU
		{B7B1C3F1-67C0-4F18-84EA-FB349D5530B3}.Debug|Any CPU.Build.0 = Debug|Any CPU
		{B7B1C3F1-67C0-4F18-84EA-FB349D5530B3}.Release|Any CPU.ActiveCfg = Release|Any CPU
		{B7B1C3F1-67C0-4F18-84EA-FB349D5530B3}.Release|Any CPU.Build.0 = Release|Any CPU
		{53310C6E-E9CB-4F56-AA30-23476CEE961D}.Debug|Any CPU.ActiveCfg = Debug|Any CPU
		{53310C6E-E9CB-4F56-AA30-23476CEE961D}.Debug|Any CPU.Build.0 = Debug|Any CPU
		{53310C6E-E9CB-4F56-AA30-23476CEE961D}.Release|Any CPU.ActiveCfg = Release|Any CPU
		{53310C6E-E9CB-4F56-AA30-23476CEE961D}.Release|Any CPU.Build.0 = Release|Any CPU
		{BE99F2FA-E921-4138-9A5E-EC34BDCF92AD}.Debug|Any CPU.ActiveCfg = Debug|Any CPU
		{BE99F2FA-E921-4138-9A5E-EC34BDCF92AD}.Debug|Any CPU.Build.0 = Debug|Any CPU
		{BE99F2FA-E921-4138-9A5E-EC34BDCF92AD}.Release|Any CPU.ActiveCfg = Release|Any CPU
		{BE99F2FA-E921-4138-9A5E-EC34BDCF92AD}.Release|Any CPU.Build.0 = Release|Any CPU
	EndGlobalSection
	GlobalSection(SolutionProperties) = preSolution
		HideSolutionNode = FALSE
	EndGlobalSection
	GlobalSection(ExtensibilityGlobals) = postSolution
		SolutionGuid = {A08240C0-91E6-4C48-B1EF-DA94D50FD30C}
	EndGlobalSection
EndGlobal
